<?xml version="1.0" encoding="utf-8"?>
<Project ToolsVersion="4.0" xmlns="http://schemas.microsoft.com/developer/msbuild/2003">
  <ItemGroup>
    <Filter Include="ソース ファイル">
      <UniqueIdentifier>{4FC737F1-C7A5-4376-A066-2A32D752A2FF}</UniqueIdentifier>
      <Extensions>cpp;c;cc;cxx;c++;cppm;ixx;def;odl;idl;hpj;bat;asm;asmx</Extensions>
    </Filter>
    <Filter Include="ヘッダー ファイル">
      <UniqueIdentifier>{93995380-89BD-4b04-88EB-625FBE52EBFB}</UniqueIdentifier>
      <Extensions>h;hh;hpp;hxx;h++;hm;inl;inc;ipp;xsd</Extensions>
    </Filter>
    <Filter Include="リソース ファイル">
      <UniqueIdentifier>{67DA6AB6-F800-4c08-8B7A-83BB121AAD01}</UniqueIdentifier>
      <Extensions>rc;ico;cur;bmp;dlg;rc2;rct;bin;rgs;gif;jpg;jpeg;jpe;resx;tiff;tif;png;wav;mfcribbon-ms</Extensions>
    </Filter>
    <Filter Include="ヘッダー ファイル\Video">
      <UniqueIdentifier>{f884336d-cc02-43c1-87ac-9fa712c4c8a4}</UniqueIdentifier>
    </Filter>
    <Filter Include="ヘッダー ファイル\Image">
      <UniqueIdentifier>{39924927-d7bc-4389-8092-ef9115300f40}</UniqueIdentifier>
    </Filter>
    <Filter Include="ヘッダー ファイル\Audio">
      <UniqueIdentifier>{710f0180-2ac1-4997-a9a0-24fbc8cbfe16}</UniqueIdentifier>
    </Filter>
    <Filter Include="ヘッダー ファイル\Color">
      <UniqueIdentifier>{2ffe4135-6ebe-416d-ac72-4d5eb840e5d8}</UniqueIdentifier>
    </Filter>
    <Filter Include="ヘッダー ファイル\Dock">
      <UniqueIdentifier>{d7e7ca42-0132-4b42-8fda-5057351b3954}</UniqueIdentifier>
    </Filter>
    <Filter Include="ヘッダー ファイル\Common">
      <UniqueIdentifier>{f3e7ba94-b9f3-40fd-9738-56e4067c5a10}</UniqueIdentifier>
    </Filter>
    <Filter Include="ソース ファイル\Video">
      <UniqueIdentifier>{a65ebce9-271e-4dc1-bef7-cb09c9bfddf6}</UniqueIdentifier>
    </Filter>
    <Filter Include="ソース ファイル\Dock">
      <UniqueIdentifier>{ecb5ecd6-8385-4bbb-b08b-84c08ad0b359}</UniqueIdentifier>
    </Filter>
    <Filter Include="ソース ファイル\Common">
      <UniqueIdentifier>{9c7919f5-1124-4e87-86eb-223f322f739d}</UniqueIdentifier>
    </Filter>
    <Filter Include="ソース ファイル\Color">
      <UniqueIdentifier>{726ecd7f-5a40-4de6-a41a-c0cea3d49f98}</UniqueIdentifier>
    </Filter>
    <Filter Include="ヘッダー ファイル\Knob">
      <UniqueIdentifier>{85d1cf19-6949-464a-90b3-cfbdea595cb3}</UniqueIdentifier>
    </Filter>
    <Filter Include="ソース ファイル\Image">
      <UniqueIdentifier>{32ac3dd1-7435-437a-bf94-42891ca5024e}</UniqueIdentifier>
    </Filter>
    <Filter Include="ソース ファイル\Audio">
      <UniqueIdentifier>{2192db48-3e5c-4e0b-9d32-65527195b85b}</UniqueIdentifier>
    </Filter>
    <Filter Include="ヘッダー ファイル\Basis">
      <UniqueIdentifier>{bf0c11f3-7339-486b-93eb-d3294a2cbef9}</UniqueIdentifier>
    </Filter>
    <Filter Include="ヘッダー ファイル\Code">
      <UniqueIdentifier>{80a2ef1a-a224-494b-90b1-5ab6543dfe13}</UniqueIdentifier>
    </Filter>
    <Filter Include="ソース ファイル\Code">
      <UniqueIdentifier>{18984407-badb-45a5-b164-995d17d0bdc8}</UniqueIdentifier>
    </Filter>
    <Filter Include="ソース ファイル\Graphics">
      <UniqueIdentifier>{c2777b33-68a1-4700-9fc9-dbdda81857bc}</UniqueIdentifier>
    </Filter>
    <Filter Include="ヘッダー ファイル\Define">
      <UniqueIdentifier>{1405cd1d-0687-4bba-a601-1d94a782c962}</UniqueIdentifier>
    </Filter>
    <Filter Include="ヘッダー ファイル\Interface">
      <UniqueIdentifier>{c0a28621-0b70-4402-bf79-0a2c5ec57d46}</UniqueIdentifier>
    </Filter>
    <Filter Include="ソース ファイル\Knob">
      <UniqueIdentifier>{6f2b2b4b-81e5-4664-95a8-c3f3f1ab95c2}</UniqueIdentifier>
    </Filter>
    <Filter Include="ヘッダー ファイル\Consle">
      <UniqueIdentifier>{f7924d6b-9ad3-4921-8f2f-54ee7b49a1c4}</UniqueIdentifier>
    </Filter>
    <Filter Include="ソース ファイル\Console">
      <UniqueIdentifier>{5fa2a3df-1f74-4ebf-93bc-49c4fa066e8c}</UniqueIdentifier>
    </Filter>
  </ItemGroup>
  <ItemGroup>
    <ClInclude Include="include\Dock\DockWidget.hpp">
      <Filter>ヘッダー ファイル\Dock</Filter>
    </ClInclude>
    <ClInclude Include="include\Knob\KnobDllImports.hpp">
      <Filter>ヘッダー ファイル\Knob</Filter>
    </ClInclude>
    <ClInclude Include="include\Audio\AudioDllImport.hpp">
      <Filter>ヘッダー ファイル\Audio</Filter>
    </ClInclude>
    <ClInclude Include="include\Defines.hpp">
      <Filter>ヘッダー ファイル</Filter>
    </ClInclude>
    <ClInclude Include="include\Audio\AudioInclude.hpp">
      <Filter>ヘッダー ファイル\Audio</Filter>
    </ClInclude>
  </ItemGroup>
  <ItemGroup>
    <ClCompile Include="src\Common\AlignmentComboBox.cpp">
      <Filter>ソース ファイル\Common</Filter>
    </ClCompile>
    <ClCompile Include="src\Color\VectorScopeWidget.cpp">
      <Filter>ソース ファイル\Color</Filter>
    </ClCompile>
    <ClCompile Include="src\Color\ColorViewLabel.cpp">
      <Filter>ソース ファイル\Color</Filter>
    </ClCompile>
    <ClCompile Include="src\Image\BasicImageViewWidget.cpp">
      <Filter>ソース ファイル\Image</Filter>
    </ClCompile>
    <ClCompile Include="src\Common\CommandAction.cpp">
      <Filter>ソース ファイル\Common</Filter>
    </ClCompile>
    <ClCompile Include="src\Knob\VolumeSlider.cpp">
      <Filter>ソース ファイル\Audio</Filter>
    </ClCompile>
    <ClCompile Include="src\Color\HistgramWidget.cpp">
      <Filter>ソース ファイル\Color</Filter>
    </ClCompile>
    <ClCompile Include="src\Video\ArtifactBasicVideoPreviewWidget.cpp">
      <Filter>ソース ファイル\Video</Filter>
    </ClCompile>
    <ClCompile Include="src\Knob\AbstractKnobEditor.cpp">
      <Filter>ソース ファイル</Filter>
    </ClCompile>
    <ClCompile Include="src\Graphics\GraphicsItemFloatImageItem.cpp">
      <Filter>ソース ファイル\Graphics</Filter>
    </ClCompile>
    <ClCompile Include="src\Graphics\NodeWireGraphicItem.cpp">
      <Filter>ソース ファイル\Graphics</Filter>
    </ClCompile>
    <ClCompile Include="src\Common\AbstractDialog.cpp">
      <Filter>ソース ファイル</Filter>
    </ClCompile>
    <ClCompile Include="include\Common\WidgetCounter.ixx">
      <Filter>ヘッダー ファイル\Common</Filter>
    </ClCompile>
    <ClCompile Include="include\Knob\KnobCheckBox.ixx">
      <Filter>ヘッダー ファイル\Knob</Filter>
    </ClCompile>
    <ClCompile Include="include\Knob\AbstractKnobEditor.ixx">
      <Filter>ヘッダー ファイル\Knob</Filter>
    </ClCompile>
    <ClCompile Include="include\Common\AbstractDialog.ixx">
      <Filter>ヘッダー ファイル\Common</Filter>
    </ClCompile>
    <ClCompile Include="include\Video\ArtifactBasicVideoPreviewWidget.ixx">
      <Filter>ヘッダー ファイル\Video</Filter>
    </ClCompile>
    <ClCompile Include="include\Common\AbstractWidget.ixx">
      <Filter>ヘッダー ファイル\Common</Filter>
    </ClCompile>
    <ClCompile Include="include\Common\AlignmentCombobox.ixx">
      <Filter>ヘッダー ファイル\Common</Filter>
    </ClCompile>
    <ClCompile Include="include\Common\CommandAction.ixx">
      <Filter>ヘッダー ファイル\Common</Filter>
    </ClCompile>
    <ClCompile Include="include\Knob\KnobEditorWidget.ixx">
      <Filter>ヘッダー ファイル\Knob</Filter>
    </ClCompile>
    <ClCompile Include="include\Color\ColorViewLabel.ixx">
      <Filter>ヘッダー ファイル\Color</Filter>
    </ClCompile>
    <ClCompile Include="src\AbstractWidget.cpp">
      <Filter>ソース ファイル\Common</Filter>
    </ClCompile>
    <ClCompile Include="src\Color\ParadeScopeWidget.cpp">
      <Filter>ソース ファイル</Filter>
    </ClCompile>
    <ClCompile Include="include\Color\ParadeScopeWidget.ixx">
      <Filter>ヘッダー ファイル\Color</Filter>
    </ClCompile>
    <ClCompile Include="include\Graphics\GraphicsItemFloatImageItem.ixx">
      <Filter>ヘッダー ファイル</Filter>
    </ClCompile>
    <ClCompile Include="include\Interface\IViewer.ixx">
      <Filter>ヘッダー ファイル\Interface</Filter>
    </ClCompile>
    <ClCompile Include="include\Knob\KnobColorPicker.ixx">
      <Filter>ヘッダー ファイル\Knob</Filter>
    </ClCompile>
    <ClCompile Include="include\Color\VectorScopeWidget.ixx">
      <Filter>ヘッダー ファイル\Color</Filter>
    </ClCompile>
    <ClCompile Include="include\Audio\VolumeSlider.ixx">
      <Filter>ヘッダー ファイル\Audio</Filter>
    </ClCompile>
    <ClCompile Include="include\Color\HistgramWidget.ixx">
      <Filter>ヘッダー ファイル\Image</Filter>
    </ClCompile>
    <ClCompile Include="include\Console\ConsoleWidget.ixx">
      <Filter>ヘッダー ファイル\Consle</Filter>
    </ClCompile>
    <ClCompile Include="include\Image\BasicImageViewWidget.ixx">
      <Filter>ヘッダー ファイル\Image</Filter>
    </ClCompile>
    <ClCompile Include="src\Console\ConsoleWidget.cpp">
      <Filter>ソース ファイル\Console</Filter>
    </ClCompile>
    <ClCompile Include="src\Knob\KnobEditorWidget\KnobEditorWidget.cpp">
      <Filter>ソース ファイル\Knob</Filter>
    </ClCompile>
    <ClCompile Include="include\Common\CommonApplicationSignal.ixx">
      <Filter>ヘッダー ファイル\Common</Filter>
    </ClCompile>
    <ClCompile Include="include\Code\CodeEditor.ixx">
      <Filter>ヘッダー ファイル\Code</Filter>
    </ClCompile>
    <ClCompile Include="include\Audio\AudioBusWidget.ixx">
      <Filter>ヘッダー ファイル\Audio</Filter>
    </ClCompile>
    <ClCompile Include="include\Common\CommonImports.ixx">
      <Filter>ヘッダー ファイル\Common</Filter>
    </ClCompile>
  </ItemGroup>
  <ItemGroup>
    <None Include="src\Common\WidgetCounter.cpp">
      <Filter>ソース ファイル\Common</Filter>
    </None>
    <None Include="include\Common\WinJumpList.ixx">
      <Filter>ヘッダー ファイル\Common</Filter>
    </None>
    <None Include="src\Knob\KnobEditorWidget\KnobCheckBox.cpp">
      <Filter>ソース ファイル\Knob</Filter>
    </None>
  </ItemGroup>
</Project>