<?xml version="1.0" encoding="utf-8"?>
<Project ToolsVersion="4.0" xmlns="http://schemas.microsoft.com/developer/msbuild/2003">
  <ItemGroup>
    <Filter Include="ソース ファイル">
      <UniqueIdentifier>{4FC737F1-C7A5-4376-A066-2A32D752A2FF}</UniqueIdentifier>
      <Extensions>cpp;c;cc;cxx;c++;cppm;ixx;def;odl;idl;hpj;bat;asm;asmx</Extensions>
    </Filter>
    <Filter Include="ヘッダー ファイル">
      <UniqueIdentifier>{93995380-89BD-4b04-88EB-625FBE52EBFB}</UniqueIdentifier>
      <Extensions>h;hh;hpp;hxx;h++;hm;inl;inc;ipp;xsd</Extensions>
    </Filter>
    <Filter Include="リソース ファイル">
      <UniqueIdentifier>{67DA6AB6-F800-4c08-8B7A-83BB121AAD01}</UniqueIdentifier>
      <Extensions>rc;ico;cur;bmp;dlg;rc2;rct;bin;rgs;gif;jpg;jpeg;jpe;resx;tiff;tif;png;wav;mfcribbon-ms</Extensions>
    </Filter>
    <Filter Include="ヘッダー ファイル\Video">
      <UniqueIdentifier>{f884336d-cc02-43c1-87ac-9fa712c4c8a4}</UniqueIdentifier>
    </Filter>
    <Filter Include="ヘッダー ファイル\Image">
      <UniqueIdentifier>{39924927-d7bc-4389-8092-ef9115300f40}</UniqueIdentifier>
    </Filter>
    <Filter Include="ヘッダー ファイル\Audio">
      <UniqueIdentifier>{710f0180-2ac1-4997-a9a0-24fbc8cbfe16}</UniqueIdentifier>
    </Filter>
    <Filter Include="ヘッダー ファイル\Color">
      <UniqueIdentifier>{2ffe4135-6ebe-416d-ac72-4d5eb840e5d8}</UniqueIdentifier>
    </Filter>
    <Filter Include="ヘッダー ファイル\Dock">
      <UniqueIdentifier>{d7e7ca42-0132-4b42-8fda-5057351b3954}</UniqueIdentifier>
    </Filter>
    <Filter Include="ヘッダー ファイル\Common">
      <UniqueIdentifier>{f3e7ba94-b9f3-40fd-9738-56e4067c5a10}</UniqueIdentifier>
    </Filter>
    <Filter Include="ヘッダー ファイル\NewFilter1">
      <UniqueIdentifier>{85d1cf19-6949-464a-90b3-cfbdea595cb3}</UniqueIdentifier>
    </Filter>
    <Filter Include="ソース ファイル\Video">
      <UniqueIdentifier>{a65ebce9-271e-4dc1-bef7-cb09c9bfddf6}</UniqueIdentifier>
    </Filter>
    <Filter Include="ソース ファイル\Dock">
      <UniqueIdentifier>{ecb5ecd6-8385-4bbb-b08b-84c08ad0b359}</UniqueIdentifier>
    </Filter>
    <Filter Include="ソース ファイル\Common">
      <UniqueIdentifier>{9c7919f5-1124-4e87-86eb-223f322f739d}</UniqueIdentifier>
    </Filter>
    <Filter Include="ヘッダー ファイル\NewFilter2">
      <UniqueIdentifier>{9bc85e78-34d4-4d70-a40f-f69ea5d8ec87}</UniqueIdentifier>
    </Filter>
    <Filter Include="ソース ファイル\Color">
      <UniqueIdentifier>{726ecd7f-5a40-4de6-a41a-c0cea3d49f98}</UniqueIdentifier>
    </Filter>
  </ItemGroup>
  <ItemGroup>
    <ClInclude Include="include\Image\BasicImageViewWidget.hpp">
      <Filter>ヘッダー ファイル\Image</Filter>
    </ClInclude>
    <ClInclude Include="include\ArtifactAbstractWidget.hpp">
      <Filter>ヘッダー ファイル</Filter>
    </ClInclude>
    <ClInclude Include="include\Video\ArtifactBasicVideoPreviewWidget.hpp">
      <Filter>ヘッダー ファイル\Video</Filter>
    </ClInclude>
    <ClInclude Include="include\Audio\ArtifactAudioMixierWidget.hpp">
      <Filter>ヘッダー ファイル\Audio</Filter>
    </ClInclude>
    <ClInclude Include="include\Dock\DockWidget.hpp">
      <Filter>ヘッダー ファイル\Dock</Filter>
    </ClInclude>
    <ClInclude Include="include\Common\AbstractDialog.hpp">
      <Filter>ヘッダー ファイル\Common</Filter>
    </ClInclude>
    <ClInclude Include="include\Common\AlignmentCombobox.hpp">
      <Filter>ヘッダー ファイル\Common</Filter>
    </ClInclude>
    <ClInclude Include="include\Common\CommonHeader.hpp">
      <Filter>ヘッダー ファイル\Common</Filter>
    </ClInclude>
    <ClInclude Include="include\Audio\AudioInclude.hpp">
      <Filter>ヘッダー ファイル\Image</Filter>
    </ClInclude>
    <ClInclude Include="include\Common\CommandAction.hpp">
      <Filter>ヘッダー ファイル\Common</Filter>
    </ClInclude>
    <ClInclude Include="include\Common\CommonApplicationSignal.hpp">
      <Filter>ヘッダー ファイル\Common</Filter>
    </ClInclude>
    <ClInclude Include="include\Color\ColorViewLabel.hpp">
      <Filter>ヘッダー ファイル\Color</Filter>
    </ClInclude>
    <ClInclude Include="include\Color\VectorScopeWidget.hpp">
      <Filter>ヘッダー ファイル\Color</Filter>
    </ClInclude>
  </ItemGroup>
  <ItemGroup>
    <ClCompile Include="src\Common\AlignmentComboBox.cpp">
      <Filter>ソース ファイル\Common</Filter>
    </ClCompile>
    <ClCompile Include="src\Color\VectorScopeWidget.cpp">
      <Filter>ソース ファイル\Color</Filter>
    </ClCompile>
  </ItemGroup>
</Project>